
Microsoft Visual Studio Solution File, Format Version 12.00
# Visual Studio 15
VisualStudioVersion = 15.0.27130.2020
MinimumVisualStudioVersion = 10.0.40219.1
Project("{FAE04EC0-301F-11D3-BF4B-00C04F79EFBC}") = "MaximExample", "MaximExample\MaximExample.csproj", "{69AD2D3E-565C-4443-B955-A0C66B7F8691}"
EndProject
Global
	GlobalSection(SolutionConfigurationPlatforms) = preSolution
		Debug|Any CPU = Debug|Any CPU
		Release|Any CPU = Release|Any CPU
	EndGlobalSection
	GlobalSection(ProjectConfigurationPlatforms) = postSolution
		{69AD2D3E-565C-4443-B955-A0C66B7F8691}.Debug|Any CPU.ActiveCfg = Debug|Any CPU
		{69AD2D3E-565C-4443-B955-A0C66B7F8691}.Debug|Any CPU.Build.0 = Debug|Any CPU
		{69AD2D3E-565C-4443-B955-A0C66B7F8691}.Release|Any CPU.ActiveCfg = Release|Any CPU
		{69AD2D3E-565C-4443-B955-A0C66B7F8691}.Release|Any CPU.Build.0 = Release|Any CPU
	EndGlobalSection
	GlobalSection(SolutionProperties) = preSolution
		HideSolutionNode = FALSE
	EndGlobalSection
	GlobalSection(ExtensibilityGlobals) = postSolution
		SolutionGuid = {807B5DD6-EDD9-4347-BB63-431A4D7218A8}
	EndGlobalSection
EndGlobal
